
Microsoft Visual Studio Solution File, Format Version 12.00
# Visual Studio Version 16
VisualStudioVersion = 16.0.31112.23
MinimumVisualStudioVersion = 10.0.40219.1
Project("{FAE04EC0-301F-11D3-BF4B-00C04F79EFBC}") = "Evo-App.UWP", "Evo-App\Evo-App.UWP\Evo-App.UWP.csproj", "{DABD72CA-FD42-413B-82A6-5AB1D64306B5}"
EndProject
Project("{FAE04EC0-301F-11D3-BF4B-00C04F79EFBC}") = "Evo-App.Android", "Evo-App\Evo-App.Android\Evo-App.Android.csproj", "{C3458229-39E1-4ABE-B2F4-59C3BD01F68F}"
EndProject
Project("{FAE04EC0-301F-11D3-BF4B-00C04F79EFBC}") = "Evo-App.iOS", "Evo-App\Evo-App.iOS\Evo-App.iOS.csproj", "{359CB5F3-E259-4B1D-B7B4-F7F982FC14C9}"
EndProject
Project("{FAE04EC0-301F-11D3-BF4B-00C04F79EFBC}") = "Evo-App", "Evo-App\Evo-App\Evo-App.csproj", "{DECA0938-1B29-40A6-92C5-7E629827DFAD}"
EndProject
Global
	GlobalSection(SolutionConfigurationPlatforms) = preSolution
		Debug|Any CPU = Debug|Any CPU
		Debug|ARM = Debug|ARM
		Debug|iPhone = Debug|iPhone
		Debug|iPhoneSimulator = Debug|iPhoneSimulator
		Debug|x64 = Debug|x64
		Debug|x86 = Debug|x86
		Release|Any CPU = Release|Any CPU
		Release|ARM = Release|ARM
		Release|iPhone = Release|iPhone
		Release|iPhoneSimulator = Release|iPhoneSimulator
		Release|x64 = Release|x64
		Release|x86 = Release|x86
	EndGlobalSection
	GlobalSection(ProjectConfigurationPlatforms) = postSolution
		{DABD72CA-FD42-413B-82A6-5AB1D64306B5}.Debug|Any CPU.ActiveCfg = Debug|x86
		{DABD72CA-FD42-413B-82A6-5AB1D64306B5}.Debug|Any CPU.Build.0 = Debug|x86
		{DABD72CA-FD42-413B-82A6-5AB1D64306B5}.Debug|Any CPU.Deploy.0 = Debug|x86
		{DABD72CA-FD42-413B-82A6-5AB1D64306B5}.Debug|ARM.ActiveCfg = Debug|ARM
		{DABD72CA-FD42-413B-82A6-5AB1D64306B5}.Debug|ARM.Build.0 = Debug|ARM
		{DABD72CA-FD42-413B-82A6-5AB1D64306B5}.Debug|ARM.Deploy.0 = Debug|ARM
		{DABD72CA-FD42-413B-82A6-5AB1D64306B5}.Debug|iPhone.ActiveCfg = Debug|x86
		{DABD72CA-FD42-413B-82A6-5AB1D64306B5}.Debug|iPhone.Build.0 = Debug|x86
		{DABD72CA-FD42-413B-82A6-5AB1D64306B5}.Debug|iPhone.Deploy.0 = Debug|x86
		{DABD72CA-FD42-413B-82A6-5AB1D64306B5}.Debug|iPhoneSimulator.ActiveCfg = Debug|x86
		{DABD72CA-FD42-413B-82A6-5AB1D64306B5}.Debug|iPhoneSimulator.Build.0 = Debug|x86
		{DABD72CA-FD42-413B-82A6-5AB1D64306B5}.Debug|iPhoneSimulator.Deploy.0 = Debug|x86
		{DABD72CA-FD42-413B-82A6-5AB1D64306B5}.Debug|x64.ActiveCfg = Debug|x64
		{DABD72CA-FD42-413B-82A6-5AB1D64306B5}.Debug|x64.Build.0 = Debug|x64
		{DABD72CA-FD42-413B-82A6-5AB1D64306B5}.Debug|x64.Deploy.0 = Debug|x64
		{DABD72CA-FD42-413B-82A6-5AB1D64306B5}.Debug|x86.ActiveCfg = Debug|x86
		{DABD72CA-FD42-413B-82A6-5AB1D64306B5}.Debug|x86.Build.0 = Debug|x86
		{DABD72CA-FD42-413B-82A6-5AB1D64306B5}.Debug|x86.Deploy.0 = Debug|x86
		{DABD72CA-FD42-413B-82A6-5AB1D64306B5}.Release|Any CPU.ActiveCfg = Release|x86
		{DABD72CA-FD42-413B-82A6-5AB1D64306B5}.Release|Any CPU.Build.0 = Release|x86
		{DABD72CA-FD42-413B-82A6-5AB1D64306B5}.Release|Any CPU.Deploy.0 = Release|x86
		{DABD72CA-FD42-413B-82A6-5AB1D64306B5}.Release|ARM.ActiveCfg = Release|ARM
		{DABD72CA-FD42-413B-82A6-5AB1D64306B5}.Release|ARM.Build.0 = Release|ARM
		{DABD72CA-FD42-413B-82A6-5AB1D64306B5}.Release|ARM.Deploy.0 = Release|ARM
		{DABD72CA-FD42-413B-82A6-5AB1D64306B5}.Release|iPhone.ActiveCfg = Release|x86
		{DABD72CA-FD42-413B-82A6-5AB1D64306B5}.Release|iPhone.Build.0 = Release|x86
		{DABD72CA-FD42-413B-82A6-5AB1D64306B5}.Release|iPhone.Deploy.0 = Release|x86
		{DABD72CA-FD42-413B-82A6-5AB1D64306B5}.Release|iPhoneSimulator.ActiveCfg = Release|x86
		{DABD72CA-FD42-413B-82A6-5AB1D64306B5}.Release|iPhoneSimulator.Build.0 = Release|x86
		{DABD72CA-FD42-413B-82A6-5AB1D64306B5}.Release|iPhoneSimulator.Deploy.0 = Release|x86
		{DABD72CA-FD42-413B-82A6-5AB1D64306B5}.Release|x64.ActiveCfg = Release|x64
		{DABD72CA-FD42-413B-82A6-5AB1D64306B5}.Release|x64.Build.0 = Release|x64
		{DABD72CA-FD42-413B-82A6-5AB1D64306B5}.Release|x64.Deploy.0 = Release|x64
		{DABD72CA-FD42-413B-82A6-5AB1D64306B5}.Release|x86.ActiveCfg = Release|x86
		{DABD72CA-FD42-413B-82A6-5AB1D64306B5}.Release|x86.Build.0 = Release|x86
		{DABD72CA-FD42-413B-82A6-5AB1D64306B5}.Release|x86.Deploy.0 = Release|x86
		{C3458229-39E1-4ABE-B2F4-59C3BD01F68F}.Debug|Any CPU.ActiveCfg = Debug|Any CPU
		{C3458229-39E1-4ABE-B2F4-59C3BD01F68F}.Debug|Any CPU.Build.0 = Debug|Any CPU
		{C3458229-39E1-4ABE-B2F4-59C3BD01F68F}.Debug|Any CPU.Deploy.0 = Debug|Any CPU
		{C3458229-39E1-4ABE-B2F4-59C3BD01F68F}.Debug|ARM.ActiveCfg = Debug|Any CPU
		{C3458229-39E1-4ABE-B2F4-59C3BD01F68F}.Debug|ARM.Build.0 = Debug|Any CPU
		{C3458229-39E1-4ABE-B2F4-59C3BD01F68F}.Debug|ARM.Deploy.0 = Debug|Any CPU
		{C3458229-39E1-4ABE-B2F4-59C3BD01F68F}.Debug|iPhone.ActiveCfg = Debug|Any CPU
		{C3458229-39E1-4ABE-B2F4-59C3BD01F68F}.Debug|iPhone.Build.0 = Debug|Any CPU
		{C3458229-39E1-4ABE-B2F4-59C3BD01F68F}.Debug|iPhone.Deploy.0 = Debug|Any CPU
		{C3458229-39E1-4ABE-B2F4-59C3BD01F68F}.Debug|iPhoneSimulator.ActiveCfg = Debug|Any CPU
		{C3458229-39E1-4ABE-B2F4-59C3BD01F68F}.Debug|iPhoneSimulator.Build.0 = Debug|Any CPU
		{C3458229-39E1-4ABE-B2F4-59C3BD01F68F}.Debug|iPhoneSimulator.Deploy.0 = Debug|Any CPU
		{C3458229-39E1-4ABE-B2F4-59C3BD01F68F}.Debug|x64.ActiveCfg = Debug|Any CPU
		{C3458229-39E1-4ABE-B2F4-59C3BD01F68F}.Debug|x64.Build.0 = Debug|Any CPU
		{C3458229-39E1-4ABE-B2F4-59C3BD01F68F}.Debug|x64.Deploy.0 = Debug|Any CPU
		{C3458229-39E1-4ABE-B2F4-59C3BD01F68F}.Debug|x86.ActiveCfg = Debug|Any CPU
		{C3458229-39E1-4ABE-B2F4-59C3BD01F68F}.Debug|x86.Build.0 = Debug|Any CPU
		{C3458229-39E1-4ABE-B2F4-59C3BD01F68F}.Debug|x86.Deploy.0 = Debug|Any CPU
		{C3458229-39E1-4ABE-B2F4-59C3BD01F68F}.Release|Any CPU.ActiveCfg = Release|Any CPU
		{C3458229-39E1-4ABE-B2F4-59C3BD01F68F}.Release|Any CPU.Build.0 = Release|Any CPU
		{C3458229-39E1-4ABE-B2F4-59C3BD01F68F}.Release|Any CPU.Deploy.0 = Release|Any CPU
		{C3458229-39E1-4ABE-B2F4-59C3BD01F68F}.Release|ARM.ActiveCfg = Release|Any CPU
		{C3458229-39E1-4ABE-B2F4-59C3BD01F68F}.Release|ARM.Build.0 = Release|Any CPU
		{C3458229-39E1-4ABE-B2F4-59C3BD01F68F}.Release|ARM.Deploy.0 = Release|Any CPU
		{C3458229-39E1-4ABE-B2F4-59C3BD01F68F}.Release|iPhone.ActiveCfg = Release|Any CPU
		{C3458229-39E1-4ABE-B2F4-59C3BD01F68F}.Release|iPhone.Build.0 = Release|Any CPU
		{C3458229-39E1-4ABE-B2F4-59C3BD01F68F}.Release|iPhone.Deploy.0 = Release|Any CPU
		{C3458229-39E1-4ABE-B2F4-59C3BD01F68F}.Release|iPhoneSimulator.ActiveCfg = Release|Any CPU
		{C3458229-39E1-4ABE-B2F4-59C3BD01F68F}.Release|iPhoneSimulator.Build.0 = Release|Any CPU
		{C3458229-39E1-4ABE-B2F4-59C3BD01F68F}.Release|iPhoneSimulator.Deploy.0 = Release|Any CPU
		{C3458229-39E1-4ABE-B2F4-59C3BD01F68F}.Release|x64.ActiveCfg = Release|Any CPU
		{C3458229-39E1-4ABE-B2F4-59C3BD01F68F}.Release|x64.Build.0 = Release|Any CPU
		{C3458229-39E1-4ABE-B2F4-59C3BD01F68F}.Release|x64.Deploy.0 = Release|Any CPU
		{C3458229-39E1-4ABE-B2F4-59C3BD01F68F}.Release|x86.ActiveCfg = Release|Any CPU
		{C3458229-39E1-4ABE-B2F4-59C3BD01F68F}.Release|x86.Build.0 = Release|Any CPU
		{C3458229-39E1-4ABE-B2F4-59C3BD01F68F}.Release|x86.Deploy.0 = Release|Any CPU
		{359CB5F3-E259-4B1D-B7B4-F7F982FC14C9}.Debug|Any CPU.ActiveCfg = Debug|iPhoneSimulator
		{359CB5F3-E259-4B1D-B7B4-F7F982FC14C9}.Debug|Any CPU.Build.0 = Debug|iPhoneSimulator
		{359CB5F3-E259-4B1D-B7B4-F7F982FC14C9}.Debug|Any CPU.Deploy.0 = Debug|iPhoneSimulator
		{359CB5F3-E259-4B1D-B7B4-F7F982FC14C9}.Debug|ARM.ActiveCfg = Debug|iPhone
		{359CB5F3-E259-4B1D-B7B4-F7F982FC14C9}.Debug|ARM.Build.0 = Debug|iPhone
		{359CB5F3-E259-4B1D-B7B4-F7F982FC14C9}.Debug|ARM.Deploy.0 = Debug|iPhone
		{359CB5F3-E259-4B1D-B7B4-F7F982FC14C9}.Debug|iPhone.ActiveCfg = Debug|iPhone
		{359CB5F3-E259-4B1D-B7B4-F7F982FC14C9}.Debug|iPhone.Build.0 = Debug|iPhone
		{359CB5F3-E259-4B1D-B7B4-F7F982FC14C9}.Debug|iPhone.Deploy.0 = Debug|iPhone
		{359CB5F3-E259-4B1D-B7B4-F7F982FC14C9}.Debug|iPhoneSimulator.ActiveCfg = Debug|iPhoneSimulator
		{359CB5F3-E259-4B1D-B7B4-F7F982FC14C9}.Debug|iPhoneSimulator.Build.0 = Debug|iPhoneSimulator
		{359CB5F3-E259-4B1D-B7B4-F7F982FC14C9}.Debug|iPhoneSimulator.Deploy.0 = Debug|iPhoneSimulator
		{359CB5F3-E259-4B1D-B7B4-F7F982FC14C9}.Debug|x64.ActiveCfg = Debug|iPhoneSimulator
		{359CB5F3-E259-4B1D-B7B4-F7F982FC14C9}.Debug|x64.Build.0 = Debug|iPhoneSimulator
		{359CB5F3-E259-4B1D-B7B4-F7F982FC14C9}.Debug|x64.Deploy.0 = Debug|iPhoneSimulator
		{359CB5F3-E259-4B1D-B7B4-F7F982FC14C9}.Debug|x86.ActiveCfg = Debug|iPhoneSimulator
		{359CB5F3-E259-4B1D-B7B4-F7F982FC14C9}.Debug|x86.Build.0 = Debug|iPhoneSimulator
		{359CB5F3-E259-4B1D-B7B4-F7F982FC14C9}.Debug|x86.Deploy.0 = Debug|iPhoneSimulator
		{359CB5F3-E259-4B1D-B7B4-F7F982FC14C9}.Release|Any CPU.ActiveCfg = Release|iPhoneSimulator
		{359CB5F3-E259-4B1D-B7B4-F7F982FC14C9}.Release|Any CPU.Build.0 = Release|iPhoneSimulator
		{359CB5F3-E259-4B1D-B7B4-F7F982FC14C9}.Release|Any CPU.Deploy.0 = Release|iPhoneSimulator
		{359CB5F3-E259-4B1D-B7B4-F7F982FC14C9}.Release|ARM.ActiveCfg = Release|iPhoneSimulator
		{359CB5F3-E259-4B1D-B7B4-F7F982FC14C9}.Release|ARM.Build.0 = Release|iPhoneSimulator
		{359CB5F3-E259-4B1D-B7B4-F7F982FC14C9}.Release|ARM.Deploy.0 = Release|iPhoneSimulator
		{359CB5F3-E259-4B1D-B7B4-F7F982FC14C9}.Release|iPhone.ActiveCfg = Release|iPhone
		{359CB5F3-E259-4B1D-B7B4-F7F982FC14C9}.Release|iPhone.Build.0 = Release|iPhone
		{359CB5F3-E259-4B1D-B7B4-F7F982FC14C9}.Release|iPhone.Deploy.0 = Release|iPhone
		{359CB5F3-E259-4B1D-B7B4-F7F982FC14C9}.Release|iPhoneSimulator.ActiveCfg = Release|iPhoneSimulator
		{359CB5F3-E259-4B1D-B7B4-F7F982FC14C9}.Release|iPhoneSimulator.Build.0 = Release|iPhoneSimulator
		{359CB5F3-E259-4B1D-B7B4-F7F982FC14C9}.Release|iPhoneSimulator.Deploy.0 = Release|iPhoneSimulator
		{359CB5F3-E259-4B1D-B7B4-F7F982FC14C9}.Release|x64.ActiveCfg = Release|iPhoneSimulator
		{359CB5F3-E259-4B1D-B7B4-F7F982FC14C9}.Release|x64.Build.0 = Release|iPhoneSimulator
		{359CB5F3-E259-4B1D-B7B4-F7F982FC14C9}.Release|x64.Deploy.0 = Release|iPhoneSimulator
		{359CB5F3-E259-4B1D-B7B4-F7F982FC14C9}.Release|x86.ActiveCfg = Release|iPhoneSimulator
		{359CB5F3-E259-4B1D-B7B4-F7F982FC14C9}.Release|x86.Build.0 = Release|iPhoneSimulator
		{359CB5F3-E259-4B1D-B7B4-F7F982FC14C9}.Release|x86.Deploy.0 = Release|iPhoneSimulator
		{DECA0938-1B29-40A6-92C5-7E629827DFAD}.Debug|Any CPU.ActiveCfg = Debug|Any CPU
		{DECA0938-1B29-40A6-92C5-7E629827DFAD}.Debug|Any CPU.Build.0 = Debug|Any CPU
		{DECA0938-1B29-40A6-92C5-7E629827DFAD}.Debug|Any CPU.Deploy.0 = Debug|Any CPU
		{DECA0938-1B29-40A6-92C5-7E629827DFAD}.Debug|ARM.ActiveCfg = Debug|Any CPU
		{DECA0938-1B29-40A6-92C5-7E629827DFAD}.Debug|ARM.Build.0 = Debug|Any CPU
		{DECA0938-1B29-40A6-92C5-7E629827DFAD}.Debug|ARM.Deploy.0 = Debug|Any CPU
		{DECA0938-1B29-40A6-92C5-7E629827DFAD}.Debug|iPhone.ActiveCfg = Debug|Any CPU
		{DECA0938-1B29-40A6-92C5-7E629827DFAD}.Debug|iPhone.Build.0 = Debug|Any CPU
		{DECA0938-1B29-40A6-92C5-7E629827DFAD}.Debug|iPhone.Deploy.0 = Debug|Any CPU
		{DECA0938-1B29-40A6-92C5-7E629827DFAD}.Debug|iPhoneSimulator.ActiveCfg = Debug|Any CPU
		{DECA0938-1B29-40A6-92C5-7E629827DFAD}.Debug|iPhoneSimulator.Build.0 = Debug|Any CPU
		{DECA0938-1B29-40A6-92C5-7E629827DFAD}.Debug|iPhoneSimulator.Deploy.0 = Debug|Any CPU
		{DECA0938-1B29-40A6-92C5-7E629827DFAD}.Debug|x64.ActiveCfg = Debug|Any CPU
		{DECA0938-1B29-40A6-92C5-7E629827DFAD}.Debug|x64.Build.0 = Debug|Any CPU
		{DECA0938-1B29-40A6-92C5-7E629827DFAD}.Debug|x64.Deploy.0 = Debug|Any CPU
		{DECA0938-1B29-40A6-92C5-7E629827DFAD}.Debug|x86.ActiveCfg = Debug|Any CPU
		{DECA0938-1B29-40A6-92C5-7E629827DFAD}.Debug|x86.Build.0 = Debug|Any CPU
		{DECA0938-1B29-40A6-92C5-7E629827DFAD}.Debug|x86.Deploy.0 = Debug|Any CPU
		{DECA0938-1B29-40A6-92C5-7E629827DFAD}.Release|Any CPU.ActiveCfg = Release|Any CPU
		{DECA0938-1B29-40A6-92C5-7E629827DFAD}.Release|Any CPU.Build.0 = Release|Any CPU
		{DECA0938-1B29-40A6-92C5-7E629827DFAD}.Release|Any CPU.Deploy.0 = Release|Any CPU
		{DECA0938-1B29-40A6-92C5-7E629827DFAD}.Release|ARM.ActiveCfg = Release|Any CPU
		{DECA0938-1B29-40A6-92C5-7E629827DFAD}.Release|ARM.Build.0 = Release|Any CPU
		{DECA0938-1B29-40A6-92C5-7E629827DFAD}.Release|ARM.Deploy.0 = Release|Any CPU
		{DECA0938-1B29-40A6-92C5-7E629827DFAD}.Release|iPhone.ActiveCfg = Release|Any CPU
		{DECA0938-1B29-40A6-92C5-7E629827DFAD}.Release|iPhone.Build.0 = Release|Any CPU
		{DECA0938-1B29-40A6-92C5-7E629827DFAD}.Release|iPhone.Deploy.0 = Release|Any CPU
		{DECA0938-1B29-40A6-92C5-7E629827DFAD}.Release|iPhoneSimulator.ActiveCfg = Release|Any CPU
		{DECA0938-1B29-40A6-92C5-7E629827DFAD}.Release|iPhoneSimulator.Build.0 = Release|Any CPU
		{DECA0938-1B29-40A6-92C5-7E629827DFAD}.Release|iPhoneSimulator.Deploy.0 = Release|Any CPU
		{DECA0938-1B29-40A6-92C5-7E629827DFAD}.Release|x64.ActiveCfg = Release|Any CPU
		{DECA0938-1B29-40A6-92C5-7E629827DFAD}.Release|x64.Build.0 = Release|Any CPU
		{DECA0938-1B29-40A6-92C5-7E629827DFAD}.Release|x64.Deploy.0 = Release|Any CPU
		{DECA0938-1B29-40A6-92C5-7E629827DFAD}.Release|x86.ActiveCfg = Release|Any CPU
		{DECA0938-1B29-40A6-92C5-7E629827DFAD}.Release|x86.Build.0 = Release|Any CPU
		{DECA0938-1B29-40A6-92C5-7E629827DFAD}.Release|x86.Deploy.0 = Release|Any CPU
	EndGlobalSection
	GlobalSection(SolutionProperties) = preSolution
		HideSolutionNode = FALSE
	EndGlobalSection
	GlobalSection(ExtensibilityGlobals) = postSolution
		SolutionGuid = {E440ED22-0542-478D-B985-D029E97798B0}
	EndGlobalSection
EndGlobal
